
Microsoft Visual Studio Solution File, Format Version 12.00
# Visual Studio 15
VisualStudioVersion = 15.0.27703.2047
MinimumVisualStudioVersion = 10.0.40219.1
Project("{FAE04EC0-301F-11D3-BF4B-00C04F79EFBC}") = "Registration.ConsoleApp", "Registration.ConsoleApp\Registration.ConsoleApp.csproj", "{FF552A96-2ED7-4ABC-A012-0BE1421DBC83}"
EndProject
Global
	GlobalSection(SolutionConfigurationPlatforms) = preSolution
		Debug|Any CPU = Debug|Any CPU
		Release|Any CPU = Release|Any CPU
	EndGlobalSection
	GlobalSection(ProjectConfigurationPlatforms) = postSolution
		{FF552A96-2ED7-4ABC-A012-0BE1421DBC83}.Debug|Any CPU.ActiveCfg = Debug|Any CPU
		{FF552A96-2ED7-4ABC-A012-0BE1421DBC83}.Debug|Any CPU.Build.0 = Debug|Any CPU
		{FF552A96-2ED7-4ABC-A012-0BE1421DBC83}.Release|Any CPU.ActiveCfg = Release|Any CPU
		{FF552A96-2ED7-4ABC-A012-0BE1421DBC83}.Release|Any CPU.Build.0 = Release|Any CPU
	EndGlobalSection
	GlobalSection(SolutionProperties) = preSolution
		HideSolutionNode = FALSE
	EndGlobalSection
	GlobalSection(ExtensibilityGlobals) = postSolution
		SolutionGuid = {203F86CA-C61E-46E5-A447-AB7684A47F7F}
	EndGlobalSection
EndGlobal
